
Microsoft Visual Studio Solution File, Format Version 12.00
# Visual Studio 2012
Project("{2150E333-8FDC-42A3-9474-1A3956D46DE8}") = "Solution Items", "Solution Items", "{8CBAD29C-37B7-4634-A099-D0805E7728CB}"
	ProjectSection(SolutionItems) = preProject
		README.md = README.md
	EndProjectSection
EndProject
Project("{FAE04EC0-301F-11D3-BF4B-00C04F79EFBC}") = "DevelopmentWithADot.AspNetExtendedValidators", "DevelopmentWithADot.AspNetExtendedValidators\DevelopmentWithADot.AspNetExtendedValidators.csproj", "{B3907069-6880-43DE-AD4F-0C2EEA3ED4C6}"
EndProject
Global
	GlobalSection(SolutionConfigurationPlatforms) = preSolution
		Debug|Any CPU = Debug|Any CPU
		Release|Any CPU = Release|Any CPU
	EndGlobalSection
	GlobalSection(ProjectConfigurationPlatforms) = postSolution
		{B3907069-6880-43DE-AD4F-0C2EEA3ED4C6}.Debug|Any CPU.ActiveCfg = Debug|Any CPU
		{B3907069-6880-43DE-AD4F-0C2EEA3ED4C6}.Debug|Any CPU.Build.0 = Debug|Any CPU
		{B3907069-6880-43DE-AD4F-0C2EEA3ED4C6}.Release|Any CPU.ActiveCfg = Release|Any CPU
		{B3907069-6880-43DE-AD4F-0C2EEA3ED4C6}.Release|Any CPU.Build.0 = Release|Any CPU
	EndGlobalSection
	GlobalSection(SolutionProperties) = preSolution
		HideSolutionNode = FALSE
	EndGlobalSection
EndGlobal
